github.com/bitwormhole/gitlib v0.1.3 h1:j/0hstI/4/IEngdjftesPRaiIiXNN9gC2uipOxYxB2I=
github.com/bitwormhole/gitlib v0.1.3/go.mod h1:/XXb7ihKIygJblLP67w7LnUCiCq0DlvVD78CdwDOZ9c=
github.com/caddyserver/certmagic v0.20.0 h1:bTw7LcEZAh9ucYCRXyCpIrSAGplplI0vGYJ4BpCQ/Fc=
github.com/caddyserver/certmagic v0.20.0/go.mod h1:N4sXgpICQUskEWpj7zVzvWD41p3NYacrNoZYiRM2jTg=
github.com/klauspost/cpuid/v2 v2.0.12/go.mod h1:g2LTdtYhdyuGPqyWyv7qRAmj1WBqxuObKfj5c0PQa7c=
github.com/klauspost/cpuid/v2 v2.2.5 h1:0E5MSMDEoAulmXNFquVs//DdoomxaoTY1kUhbc/qbZg=
github.com/klauspost/cpuid/v2 v2.2.5/go.mod h1:Lcz8mBdAVJIBVzewtcLocK12l3Y+JytZYpaMropDUws=
github.com/libdns/libdns v0.2.1 h1:Wu59T7wSHRgtA0cfxC+n1c/e+O3upJGWytknkmFEDis=
github.com/libdns/libdns v0.2.1/go.mod h1:yQCXzk1lEZmmCPa857bnk4TsOiqYasqpyOEeSObbb40=
github.com/mholt/acmez v1.2.0 h1:1hhLxSgY5FvH5HCnGUuwbKY2VQVo8IU7rxXKSnZ7F30=
github.com/mholt/acmez v1.2.0/go.mod h1:VT9YwH1xgNX1kmYY89gY8xPJC84BFAisjo8Egigt4kE=
github.com/miekg/dns v1.1.55 h1:GoQ4hpsj0nFLYe+bWiCToyrBEJXkQfOOIvFGFy0lEgo=
github.com/miekg/dns v1.1.55/go.mod h1:uInx36IzPl7FYnDcMeVWxj9byh7DutNykX4G9Sj60FY=
github.com/starter-go/afs v0.9.5 h1:nlXQwCzqI0fht6RrQYj+CBCH2dPX2j7HArkEf11Vhjw=
github.com/starter-go/afs v0.9.5/go.mod h1:Kuwz+TntvRVUYJuHWfR9hkEIcBiIC3ScW9IS/gjJulM=
github.com/starter-go/application v0.9.23 h1:lyfwAjWfh2qgkQ4ydbSywNYc5EvFQe+p1vigvtd+JvU=
github.com/starter-go/application v0.9.23/go.mod h1:N7WtRDs9tdxU0tPAXqSo0tjyGlUuaB+Bs9reinO5igw=
github.com/starter-go/application v0.9.25 h1:0IEmzjIYwjnJbLSorzxg5KJyaveAjRsreiTCsOAzVWM=
github.com/starter-go/application v0.9.25/go.mod h1:N7WtRDs9tdxU0tPAXqSo0tjyGlUuaB+Bs9reinO5igw=
github.com/starter-go/application v0.9.26 h1:D5xowoxKjXC2vUSheqCfAeM+oda+2BDaCg22XmyJ3YQ=
github.com/starter-go/application v0.9.26/go.mod h1:N7WtRDs9tdxU0tPAXqSo0tjyGlUuaB+Bs9reinO5igw=
github.com/starter-go/base v0.9.11 h1:QG5kcShJSV9cs2KEeqZ8UN9icM/0uPZwPFrh0XUOf+Q=
github.com/starter-go/base v0.9.11/go.mod h1:MMqPMFzwPHjKyfX0cMmkpAAbeJ0tJupFbI8D+x27fJM=
github.com/starter-go/cli v1.0.5 h1:FWNrUYzlmCTwomaFomie33SVt8IEMUI77tvsgmpg1ZU=
github.com/starter-go/cli v1.0.5/go.mod h1:DfqBr2MxgD0wI/UqTl6zpMFh3/CZhq3+cKJtJlcFeMs=
github.com/starter-go/configen v0.9.5 h1:KTwueLMQA3Ba70sJddK+hOLEifOI0dTXpPkX/jiBjIo=
github.com/starter-go/configen v0.9.5/go.mod h1:n3qiv4z1nZ0h4qfcX9Ju8kUMgjuLUkv0EvL6lxQOwtQ=
github.com/starter-go/keys v0.0.2 h1:a9Bs9IpvIHKhU9NFpU8eajzfPpWrL5ss4ERLQdOj1xQ=
github.com/starter-go/keys v0.0.2/go.mod h1:Ty/ZOcfjdrKD3oB+lx7tPTJoXWR97JJss/YXiCigxQU=
github.com/starter-go/starter v1.0.8 h1:cmBJbVSb0s3YJPU16hZYCmFJGFevIxLg7gpyoXsOwJ0=
github.com/starter-go/starter v1.0.8/go.mod h1:gD1cVYjsYcE+4bLKZzXQp/O5v/mvbDg8LeIRZr61VhA=
github.com/starter-go/starter v1.0.9 h1:68oUjLSYsEgHokQ1v2jYdnbhi2gapGuq4ufye5iQlNU=
github.com/starter-go/starter v1.0.9/go.mod h1:FwgPOI6M3fbX84LgtanW6pHBft4s01KC6zw1pwQUsf0=
github.com/starter-go/starter v1.0.10 h1:DtKuUQlnobPFk/S3Rl5kl1vdxeh3wtX2NIosxlGwUjM=
github.com/starter-go/starter v1.0.10/go.mod h1:mfr0zOFpB4S7jVtBUbra1kdmn00L9pKGooibTBI6VP0=
github.com/starter-go/units v0.0.3 h1:UlHs4qIDfTgNHbuVZdsWZyGp8JPC/jy0XyNw+FMarGc=
github.com/starter-go/units v0.0.3/go.mod h1:T/Yq2RjMxhzawqqjv+3zsQcyuoajD1wDHZzUSRQyZ20=
github.com/starter-go/vlog v0.9.8 h1:NmVv/lquEmvQ78nRf0C5eiJ0prNByV8o4aMmwBB3isc=
github.com/starter-go/vlog v0.9.8/go.mod h1:ywWUCfWNTqXrelvO4/3sQ04SCW4ClR3PiN3qpSlXhH0=
github.com/zeebo/assert v1.1.0/go.mod h1:Pq9JiuJQpG8JLJdtkwrJESF0Foym2/D9XMU5ciN/wJ0=
github.com/zeebo/blake3 v0.2.3 h1:TFoLXsjeXqRNFxSbk35Dk4YtszE/MQQGK10BH4ptoTg=
github.com/zeebo/blake3 v0.2.3/go.mod h1:mjJjZpnsyIVtVgTOSpJ9vmRE4wgDeyt2HU3qXvvKCaQ=
github.com/zeebo/pcg v1.0.1/go.mod h1:09F0S9iiKrwn9rlI5yjLkmrug154/YRW6KnnXVDM/l4=
go.uber.org/atomic v1.10.0 h1:9qC72Qh0+3MqyJbAn8YU5xVq1frD8bn3JtD2oXtafVQ=
go.uber.org/atomic v1.10.0/go.mod h1:LUxbIzbOniOlMKjJjyPfpl4v+PKK2cNJn91OQbhoJI0=
go.uber.org/atomic v1.11.0 h1:ZvwS0R+56ePWxUNi+Atn9dWONBPp/AUETXlHW0DxSjE=
go.uber.org/atomic v1.11.0/go.mod h1:LUxbIzbOniOlMKjJjyPfpl4v+PKK2cNJn91OQbhoJI0=
go.uber.org/multierr v1.10.0 h1:S0h4aNzvfcFsC3dRF1jLoaov7oRaKqRGC/pUEJ2yvPQ=
go.uber.org/multierr v1.10.0/go.mod h1:20+QtiLqy0Nd6FdQB9TLXag12DsQkrbs3htMFfDN80Y=
go.uber.org/multierr v1.11.0 h1:blXXJkSxSSfBVBlC76pxqeO+LN3aDfLQo+309xJstO0=
go.uber.org/multierr v1.11.0/go.mod h1:20+QtiLqy0Nd6FdQB9TLXag12DsQkrbs3htMFfDN80Y=
go.uber.org/zap v1.24.0 h1:FiJd5l1UOLj0wCgbSE0rwwXHzEdAZS6hiiSnxJN/D60=
go.uber.org/zap v1.24.0/go.mod h1:2kMP+WWQ8aoFoedH3T2sq6iJ2yDWpHbP0f6MQbS9Gkg=
golang.org/x/crypto v0.7.0 h1:AvwMYaRytfdeVt3u6mLaxYtErKYjxA2OXjJ1HHq6t3A=
golang.org/x/crypto v0.7.0/go.mod h1:pYwdfH91IfpZVANVyUOhSIPZaFoJGxTFbZhFTx+dXZU=
golang.org/x/crypto v0.14.0 h1:wBqGXzWJW6m1XrIKlAH0Hs1JJ7+9KBwnIO8v66Q9cHc=
golang.org/x/crypto v0.14.0/go.mod h1:MVFd36DqK4CsrnJYDkBA3VC4m2GkXAM0PvzMCn4JQf4=
golang.org/x/mod v0.11.0 h1:bUO06HqtnRcc/7l71XBe4WcqTZ+3AH1J59zWDDwLKgU=
golang.org/x/mod v0.11.0/go.mod h1:iBbtSCu2XBx23ZKBPSOrRkjjQPZFPuis4dIYUhu/chs=
golang.org/x/net v0.8.0 h1:Zrh2ngAOFYneWTAIAPethzeaQLuHwhuBkuV6ZiRnUaQ=
golang.org/x/net v0.8.0/go.mod h1:QVkue5JL9kW//ek3r6jTKnTFis1tRmNAW2P1shuFdJc=
golang.org/x/net v0.17.0 h1:pVaXccu2ozPjCXewfr1S7xza/zcXTity9cCdXQYSjIM=
golang.org/x/net v0.17.0/go.mod h1:NxSsAGuq816PNPmqtQdLE42eU2Fs7NoRIZrHJAlaCOE=
golang.org/x/sys v0.5.0/go.mod h1:oPkhp1MJrh7nUepCBck5+mAzfO9JrbApNNgaTdGDITg=
golang.org/x/sys v0.13.0 h1:Af8nKPmuFypiUBjVoU9V20FiaFXOcuZI21p0ycVYYGE=
golang.org/x/sys v0.13.0/go.mod h1:oPkhp1MJrh7nUepCBck5+mAzfO9JrbApNNgaTdGDITg=
golang.org/x/text v0.8.0 h1:57P1ETyNKtuIjB4SRd15iJxuhj8Gc416Y78H3qgMh68=
golang.org/x/text v0.8.0/go.mod h1:e1OnstbJyHTd6l/uOt8jFFHp6TRDWZR/bV3emEE/zU8=
golang.org/x/text v0.13.0 h1:ablQoSUd0tRdKxZewP80B+BaqeKJuVhuRxj/dkrun3k=
golang.org/x/text v0.13.0/go.mod h1:TvPlkZtksWOMsz7fbANvkp4WM8x/WCo/om8BMLbz+aE=
golang.org/x/tools v0.10.0 h1:tvDr/iQoUqNdohiYm0LmmKcBk+q86lb9EprIUFhHHGg=
golang.org/x/tools v0.10.0/go.mod h1:UJwyiVBsOA2uwvK/e5OY3GTpDUJriEd+/YlqAwLPmyM=
